
Microsoft Visual Studio Solution File, Format Version 12.00
# Visual Studio Version 17
VisualStudioVersion = 17.14.37614.0 d17.14
MinimumVisualStudioVersion = 10.0.40219.1
Project("{FAE04EC0-301F-11D3-BF4B-00C04F79EFBC}") = "bibliotecaCrud", "bibliotecaCrud\bibliotecaCrud.csproj", "{CACF28BB-E328-22B7-E500-9C1E7E57796C}"
EndProject
Global
	GlobalSection(SolutionConfigurationPlatforms) = preSolution
		Debug|Any CPU = Debug|Any CPU
		Release|Any CPU = Release|Any CPU
	EndGlobalSection
	GlobalSection(ProjectConfigurationPlatforms) = postSolution
		{CACF28BB-E328-22B7-E500-9C1E7E57796C}.Debug|Any CPU.ActiveCfg = Debug|Any CPU
		{CACF28BB-E328-22B7-E500-9C1E7E57796C}.Debug|Any CPU.Build.0 = Debug|Any CPU
		{CACF28BB-E328-22B7-E500-9C1E7E57796C}.Release|Any CPU.ActiveCfg = Release|Any CPU
		{CACF28BB-E328-22B7-E500-9C1E7E57796C}.Release|Any CPU.Build.0 = Release|Any CPU
	EndGlobalSection
	GlobalSection(SolutionProperties) = preSolution
		HideSolutionNode = FALSE
	EndGlobalSection
	GlobalSection(ExtensibilityGlobals) = postSolution
		SolutionGuid = {BD6A2C0D-6E08-47B8-A195-F9C8F3C90E79}
	EndGlobalSection
EndGlobal
